image_name: ghcr.io/zanel1u/cloud-cli-proxy/managed-user:latest
local_dev_image_name: ghcr.io/zanel1u/cloud-cli-proxy/managed-user:latest
base_image: ubuntu:24.04
pull_policy: never-implicit-latest
ssh_port: 22
home_mount: /workspace
default_user: workspace
rebuild_mode_default: preserve-home
factory_reset_mode: wipe-/workspace
# v3.0 baseline — Phase 29 追加
image_version: v3.0.0
mergerfs_version: 2.41.1
mutagen_agent_version: v0.18.1
tmux_version_min: "3.4"
supports_mutagen: true
supports_mergerfs: true
